# THIS IS AN AUTOGENERATED FILE. DO NOT EDIT THIS FILE DIRECTLY.
# yarn lockfile v1


midi-writer-js@^2.1.0:
  version "2.1.0"
  resolved "https://registry.yarnpkg.com/midi-writer-js/-/midi-writer-js-2.1.0.tgz#326f4c3b718da7b7a6c2761cd34aa2b907ccaad2"
  integrity sha512-VD/n4RnGAWy1oN66AGf5zvMi4/UXxvTCJcnLLu9M5zsHTOeUybbnGli70bnawWEZUJFnGiCeTDEGzLB7bClzEg==
  dependencies:
    tonal-midi "^0.69.7"

note-parser@^2.0.1:
  version "2.0.1"
  resolved "https://registry.yarnpkg.com/note-parser/-/note-parser-2.0.1.tgz#2438fd57a46894b402b3a2071798660129c8fbc1"
  integrity sha1-JDj9V6RolLQCs6IHF5hmASnI+8E=

tonal-midi@^0.69.7:
  version "0.69.7"
  resolved "https://registry.yarnpkg.com/tonal-midi/-/tonal-midi-0.69.7.tgz#e754ec93f3dbdb28a6d39d42457c33ad245ffa47"
  integrity sha1-51Tsk/Pb2yim051CRXwzrSRf+kc=
  dependencies:
    note-parser "^2.0.1"
